
Microsoft Visual Studio Solution File, Format Version 12.00
# Visual Studio Version 16
VisualStudioVersion = 16.0.30309.148
MinimumVisualStudioVersion = 10.0.40219.1
Project("{FAE04EC0-301F-11D3-BF4B-00C04F79EFBC}") = "RobotsVDinosaurs", "RobotsVDinosaurs\RobotsVDinosaurs.csproj", "{12B993FB-EF76-42FE-AB3A-40FC024BF4CE}"
EndProject
Global
	GlobalSection(SolutionConfigurationPlatforms) = preSolution
		Debug|Any CPU = Debug|Any CPU
		Release|Any CPU = Release|Any CPU
	EndGlobalSection
	GlobalSection(ProjectConfigurationPlatforms) = postSolution
		{12B993FB-EF76-42FE-AB3A-40FC024BF4CE}.Debug|Any CPU.ActiveCfg = Debug|Any CPU
		{12B993FB-EF76-42FE-AB3A-40FC024BF4CE}.Debug|Any CPU.Build.0 = Debug|Any CPU
		{12B993FB-EF76-42FE-AB3A-40FC024BF4CE}.Release|Any CPU.ActiveCfg = Release|Any CPU
		{12B993FB-EF76-42FE-AB3A-40FC024BF4CE}.Release|Any CPU.Build.0 = Release|Any CPU
	EndGlobalSection
	GlobalSection(SolutionProperties) = preSolution
		HideSolutionNode = FALSE
	EndGlobalSection
	GlobalSection(ExtensibilityGlobals) = postSolution
		SolutionGuid = {BCB33F33-859C-48F6-B14A-2B441C2CDC6A}
	EndGlobalSection
EndGlobal
