
Microsoft Visual Studio Solution File, Format Version 12.00
# Visual Studio Version 16
VisualStudioVersion = 16.0.30309.148
MinimumVisualStudioVersion = 10.0.40219.1
Project("{FAE04EC0-301F-11D3-BF4B-00C04F79EFBC}") = "RoboVsDIno", "RoboVsDIno\RoboVsDIno.csproj", "{934DCFC1-B543-44DF-8811-3E9DE2AAE47B}"
EndProject
Global
	GlobalSection(SolutionConfigurationPlatforms) = preSolution
		Debug|Any CPU = Debug|Any CPU
		Release|Any CPU = Release|Any CPU
	EndGlobalSection
	GlobalSection(ProjectConfigurationPlatforms) = postSolution
		{934DCFC1-B543-44DF-8811-3E9DE2AAE47B}.Debug|Any CPU.ActiveCfg = Debug|Any CPU
		{934DCFC1-B543-44DF-8811-3E9DE2AAE47B}.Debug|Any CPU.Build.0 = Debug|Any CPU
		{934DCFC1-B543-44DF-8811-3E9DE2AAE47B}.Release|Any CPU.ActiveCfg = Release|Any CPU
		{934DCFC1-B543-44DF-8811-3E9DE2AAE47B}.Release|Any CPU.Build.0 = Release|Any CPU
	EndGlobalSection
	GlobalSection(SolutionProperties) = preSolution
		HideSolutionNode = FALSE
	EndGlobalSection
	GlobalSection(ExtensibilityGlobals) = postSolution
		SolutionGuid = {E17C64B4-084D-4A20-BDE4-B7D4176DA255}
	EndGlobalSection
EndGlobal
